
Microsoft Visual Studio Solution File, Format Version 12.00
Project("{FAE04EC0-301F-11D3-BF4B-00C04F79EFBC}") = "Dabigne.Tools", "Dabigne.Tools\Dabigne.Tools.csproj", "{B767F535-F7F5-41E0-AED8-84390368A746}"
	ProjectSection(ProjectDependencies) = postProject
		{E9DBA8AC-F31B-40E5-9BFE-C3DAE9ED1B9A} = {E9DBA8AC-F31B-40E5-9BFE-C3DAE9ED1B9A}
		{8B2CE0F2-69BD-4E99-B0CA-28F6DA2B317C} = {8B2CE0F2-69BD-4E99-B0CA-28F6DA2B317C}
		{26D79966-04F8-401D-9E6D-92BEFAA561CE} = {26D79966-04F8-401D-9E6D-92BEFAA561CE}
	EndProjectSection
EndProject
Project("{FAE04EC0-301F-11D3-BF4B-00C04F79EFBC}") = "Module.MangaDownload", "Module.MangaDownload\Module.MangaDownload.csproj", "{8B2CE0F2-69BD-4E99-B0CA-28F6DA2B317C}"
EndProject
Project("{FAE04EC0-301F-11D3-BF4B-00C04F79EFBC}") = "Application.Core", "Application.Core\Application.Core.csproj", "{9EDFF302-CF8C-4DA5-B8B3-CAF0C18AA57D}"
EndProject
Project("{FAE04EC0-301F-11D3-BF4B-00C04F79EFBC}") = "Application.Core.Interfaces", "Application.Core.Interfaces\Application.Core.Interfaces.csproj", "{1ECA57CC-0AA8-4CCD-AFA6-F098CE80C76C}"
EndProject
Project("{2150E333-8FDC-42A3-9474-1A3956D46DE8}") = "Modules", "Modules", "{469F673B-6AC6-4DF7-9021-DC8D6CB49A99}"
EndProject
Project("{2150E333-8FDC-42A3-9474-1A3956D46DE8}") = "Core", "Core", "{3196BFF1-86D4-4ED1-8F57-D6DB41B599D8}"
EndProject
Project("{FAE04EC0-301F-11D3-BF4B-00C04F79EFBC}") = "Module.PdfTools", "Module.PdfTools\Module.PdfTools.csproj", "{26D79966-04F8-401D-9E6D-92BEFAA561CE}"
EndProject
Project("{FAE04EC0-301F-11D3-BF4B-00C04F79EFBC}") = "Module.WarhammerTools", "Module.WarhammerTools\Module.WarhammerTools.csproj", "{E9DBA8AC-F31B-40E5-9BFE-C3DAE9ED1B9A}"
EndProject
Project("{FAE04EC0-301F-11D3-BF4B-00C04F79EFBC}") = "Module.WorkShopTools", "Module.WorkShopTools\Module.WorkShopTools.csproj", "{F453E13E-C48D-47D8-B121-1E843E97A418}"
EndProject
Global
	GlobalSection(SolutionConfigurationPlatforms) = preSolution
		Debug|Any CPU = Debug|Any CPU
		Release|Any CPU = Release|Any CPU
	EndGlobalSection
	GlobalSection(ProjectConfigurationPlatforms) = postSolution
		{B767F535-F7F5-41E0-AED8-84390368A746}.Debug|Any CPU.ActiveCfg = Debug|Any CPU
		{B767F535-F7F5-41E0-AED8-84390368A746}.Debug|Any CPU.Build.0 = Debug|Any CPU
		{B767F535-F7F5-41E0-AED8-84390368A746}.Release|Any CPU.ActiveCfg = Release|Any CPU
		{B767F535-F7F5-41E0-AED8-84390368A746}.Release|Any CPU.Build.0 = Release|Any CPU
		{8B2CE0F2-69BD-4E99-B0CA-28F6DA2B317C}.Debug|Any CPU.ActiveCfg = Debug|Any CPU
		{8B2CE0F2-69BD-4E99-B0CA-28F6DA2B317C}.Debug|Any CPU.Build.0 = Debug|Any CPU
		{8B2CE0F2-69BD-4E99-B0CA-28F6DA2B317C}.Release|Any CPU.ActiveCfg = Release|Any CPU
		{8B2CE0F2-69BD-4E99-B0CA-28F6DA2B317C}.Release|Any CPU.Build.0 = Release|Any CPU
		{9EDFF302-CF8C-4DA5-B8B3-CAF0C18AA57D}.Debug|Any CPU.ActiveCfg = Debug|Any CPU
		{9EDFF302-CF8C-4DA5-B8B3-CAF0C18AA57D}.Debug|Any CPU.Build.0 = Debug|Any CPU
		{9EDFF302-CF8C-4DA5-B8B3-CAF0C18AA57D}.Release|Any CPU.ActiveCfg = Release|Any CPU
		{9EDFF302-CF8C-4DA5-B8B3-CAF0C18AA57D}.Release|Any CPU.Build.0 = Release|Any CPU
		{1ECA57CC-0AA8-4CCD-AFA6-F098CE80C76C}.Debug|Any CPU.ActiveCfg = Debug|Any CPU
		{1ECA57CC-0AA8-4CCD-AFA6-F098CE80C76C}.Debug|Any CPU.Build.0 = Debug|Any CPU
		{1ECA57CC-0AA8-4CCD-AFA6-F098CE80C76C}.Release|Any CPU.ActiveCfg = Release|Any CPU
		{1ECA57CC-0AA8-4CCD-AFA6-F098CE80C76C}.Release|Any CPU.Build.0 = Release|Any CPU
		{26D79966-04F8-401D-9E6D-92BEFAA561CE}.Debug|Any CPU.ActiveCfg = Debug|Any CPU
		{26D79966-04F8-401D-9E6D-92BEFAA561CE}.Debug|Any CPU.Build.0 = Debug|Any CPU
		{26D79966-04F8-401D-9E6D-92BEFAA561CE}.Release|Any CPU.ActiveCfg = Release|Any CPU
		{26D79966-04F8-401D-9E6D-92BEFAA561CE}.Release|Any CPU.Build.0 = Release|Any CPU
		{E9DBA8AC-F31B-40E5-9BFE-C3DAE9ED1B9A}.Debug|Any CPU.ActiveCfg = Debug|Any CPU
		{E9DBA8AC-F31B-40E5-9BFE-C3DAE9ED1B9A}.Debug|Any CPU.Build.0 = Debug|Any CPU
		{E9DBA8AC-F31B-40E5-9BFE-C3DAE9ED1B9A}.Release|Any CPU.ActiveCfg = Release|Any CPU
		{E9DBA8AC-F31B-40E5-9BFE-C3DAE9ED1B9A}.Release|Any CPU.Build.0 = Release|Any CPU
		{F453E13E-C48D-47D8-B121-1E843E97A418}.Debug|Any CPU.ActiveCfg = Debug|Any CPU
		{F453E13E-C48D-47D8-B121-1E843E97A418}.Debug|Any CPU.Build.0 = Debug|Any CPU
		{F453E13E-C48D-47D8-B121-1E843E97A418}.Release|Any CPU.ActiveCfg = Release|Any CPU
		{F453E13E-C48D-47D8-B121-1E843E97A418}.Release|Any CPU.Build.0 = Release|Any CPU
	EndGlobalSection
	GlobalSection(NestedProjects) = preSolution
		{8B2CE0F2-69BD-4E99-B0CA-28F6DA2B317C} = {469F673B-6AC6-4DF7-9021-DC8D6CB49A99}
		{9EDFF302-CF8C-4DA5-B8B3-CAF0C18AA57D} = {3196BFF1-86D4-4ED1-8F57-D6DB41B599D8}
		{1ECA57CC-0AA8-4CCD-AFA6-F098CE80C76C} = {3196BFF1-86D4-4ED1-8F57-D6DB41B599D8}
		{26D79966-04F8-401D-9E6D-92BEFAA561CE} = {469F673B-6AC6-4DF7-9021-DC8D6CB49A99}
		{E9DBA8AC-F31B-40E5-9BFE-C3DAE9ED1B9A} = {469F673B-6AC6-4DF7-9021-DC8D6CB49A99}
		{F453E13E-C48D-47D8-B121-1E843E97A418} = {469F673B-6AC6-4DF7-9021-DC8D6CB49A99}
	EndGlobalSection
EndGlobal
